{
  "name": "prism-frontend",
  "version": "1.0.0",
  "lockfileVersion": 3,
  "requires": true,
  "packages": {
    "": {
      "name": "prism-frontend",
      "version": "1.0.0",
      "dependencies": {
        "firebase": "12.17.1",
        "lucide-react": "^0.468.0",
        "mathlive": "0.110.0",
        "react": "^18.3.1",
        "react-dom": "^18.3.1"
      },
      "devDependencies": {
        "@vitejs/plugin-react": "^4.3.4",
        "vite": "^6.0.7"
      }
    },
    "node_modules/@arnog/colors": {
      "version": "0.5.0",
      "resolved": "https://registry.npmjs.org/@arnog/colors/-/colors-0.5.0.tgz",
      "integrity": "sha512-NB7yqrO7qvInsqJdqz6C6mDU+2oiKmbBbk3czMS0E7KkGxLRy538tEHCsB5TKqmaxxXpi6/U120TnGl8NsDePg==",
      "license": "MIT"
    },
    "node_modules/@babel/code-frame": {
      "version": "7.29.7",
      "resolved": "https://registry.npmjs.org/@babel/code-frame/-/code-frame-7.29.7.tgz",
      "integrity": "sha512-Aup7aUOfpbAUg2ROOJN6Iw5f9DMBlzu0mIkm/malLQFN/YQgO48wCj0Kxa3sEHJvPVFg7siR+qRInwXd2qhQKw==",
      "dev": true,
      "license": "MIT",
      "dependencies": {
        "@babel/helper-validator-identifier": "^7.29.7",
        "js-tokens": "^4.0.0",
        "picocolors": "^1.1.1"
      },
      "engines": {
        "node": ">=6.9.0"
      }
    },
    "node_modules/@babel/compat-data": {
      "version": "7.29.7",
      "resolved": "https://registry.npmjs.org/@babel/compat-data/-/compat-data-7.29.7.tgz",
      "integrity": "sha512-locTkQyKvwIEgBzVrn8693ebc97F2U8ZHjbXwDXJ5Fn2TCpNwTlKcaKLkdHop5c/icOFE7qt7Q9JC5hnKNa6Gg==",
      "dev": true,
      "license": "MIT",
      "engines": {
        "node": ">=6.9.0"
      }
    },
    "node_modules/@babel/core": {
      "version": "7.29.7",
      "resolved": "https://registry.npmjs.org/@babel/core/-/core-7.29.7.tgz",
      "integrity": "sha512-RgHBCvtjbOK2gXSNBNIkNoEc9qoVEtau3hj8gEqKQuL3HZAibKarWFEI3Lfm6EYKkLalOh8eSrj9b+ch9H/VBA==",
      "dev": true,
      "license": "MIT",
      "peer": true,
      "dependencies": {
        "@babel/code-frame": "^7.29.7",
        "@babel/generator": "^7.29.7",
        "@babel/helper-compilation-targets": "^7.29.7",
        "@babel/helper-module-transforms": "^7.29.7",
        "@babel/helpers": "^7.29.7",
        "@babel/parser": "^7.29.7",
        "@babel/template": "^7.29.7",
        "@babel/traverse": "^7.29.7",
        "@babel/types": "^7.29.7",
        "@jridgewell/remapping": "^2.3.5",
        "convert-source-map": "^2.0.0",
        "debug": "^4.1.0",
        "gensync": "^1.0.0-beta.2",
        "json5": "^2.2.3",
        "semver": "^6.3.1"
      },
      "engines": {
        "node": ">=6.9.0"
      },
      "funding": {
        "type": "opencollective",
        "url": "https://opencollective.com/babel"
      }
    },
    "node_modules/@babel/generator": {
      "version": "7.29.8",
      "resolved": "https://registry.npmjs.org/@babel/generator/-/generator-7.29.8.tgz",
      "integrity": "sha512-gZbepsdh3WDtgZKWL+vTPh71LSBrm/Y4/QDZBVCcYfmeTEEuoOYwlSy+G1StfJg+/Zy550u/3TATbm7qDbbMtg==",
      "dev": true,
      "license": "MIT",
      "dependencies": {
        "@babel/parser": "^7.29.8",
        "@babel/types": "^7.29.8",
        "@jridgewell/gen-mapping": "^0.3.12",
        "@jridgewell/trace-mapping": "^0.3.28",
        "jsesc": "^3.0.2"
      },
      "engines": {
        "node": ">=6.9.0"
      }
    },
    "node_modules/@babel/helper-compilation-targets": {
      "version": "7.29.7",
      "resolved": "https://registry.npmjs.org/@babel/helper-compilation-targets/-/helper-compilation-targets-7.29.7.tgz",
      "integrity": "sha512-wem6WaBj4NaVYVdNhLPPVacES6ZJ+KBBfSkTMD3YZxbP3rm3Di85tJU5ljaUNhaOynt+Aj0xruhYuzQBt8n71g==",
      "dev": true,
      "license": "MIT",
      "dependencies": {
        "@babel/compat-data": "^7.29.7",
        "@babel/helper-validator-option": "^7.29.7",
        "browserslist": "^4.24.0",
        "lru-cache": "^5.1.1",
        "semver": "^6.3.1"
      },
      "engines": {
        "node": ">=6.9.0"
      }
    },
    "node_modules/@babel/helper-globals": {
      "version": "7.29.7",
      "resolved": "https://registry.npmjs.org/@babel/helper-globals/-/helper-globals-7.29.7.tgz",
      "integrity": "sha512-3nQVUAtvkKH9zahfWgw96Jc/uFOmjACE1kQz82E2lqWmHBgjzbNlsC22nuQTfahmWeQtTq5nQ/4Nnd2A1wj4zA==",
      "dev": true,
      "license": "MIT",
      "engines": {
        "node": ">=6.9.0"
      }
    },
    "node_modules/@babel/helper-module-imports": {
      "version": "7.29.7",
      "resolved": "https://registry.npmjs.org/@babel/helper-module-imports/-/helper-module-imports-7.29.7.tgz",
      "integrity": "sha512-ejHwrQQYcm9xnTivShn2IDOlIzInN34AXskvq9QicvCtEzq1Vzclu/tKF8Jq1Cg8JG2GL6/EmjgsCT7lXepE3g==",
      "dev": true,
      "license": "MIT",
      "dependencies": {
        "@babel/traverse": "^7.29.7",
        "@babel/types": "^7.29.7"
      },
      "engines": {
        "node": ">=6.9.0"
      }
    },
    "node_modules/@babel/helper-module-transforms": {
      "version": "7.29.7",
      "resolved": "https://registry.npmjs.org/@babel/helper-module-transforms/-/helper-module-transforms-7.29.7.tgz",
      "integrity": "sha512-UPUVSyXbOh627KiCIGQSgwWzGeBKLkaJ9PJEdrngIwMSzxLR4jS4+f1f1jb7VzBbg8nFLaYotvVPFCTqdrmTAg==",
      "dev": true,
      "license": "MIT",
      "dependencies": {
        "@babel/helper-module-imports": "^7.29.7",
        "@babel/helper-validator-identifier": "^7.29.7",
        "@babel/traverse": "^7.29.7"
      },
      "engines": {
        "node": ">=6.9.0"
      },
      "peerDependencies": {
        "@babel/core": "^7.0.0"
      }
    },
    "node_modules/@babel/helper-plugin-utils": {
      "version": "7.29.7",
      "resolved": "https://registry.npmjs.org/@babel/helper-plugin-utils/-/helper-plugin-utils-7.29.7.tgz",
      "integrity": "sha512-G7sHYigPY17oO5SYWnfD/0MTBwVR781S/JI643e/JhUYgVgWE/61SoW3NH9KWUKyKq5LVh3npif99Wkt6j86Jw==",
      "dev": true,
      "license": "MIT",
      "engines": {
        "node": ">=6.9.0"
      }
    },
    "node_modules/@babel/helper-string-parser": {
      "version": "7.29.7",
      "resolved": "https://registry.npmjs.org/@babel/helper-string-parser/-/helper-string-parser-7.29.7.tgz",
      "integrity": "sha512-Pb5ijPrZ89GDH8223L4UP8i6QApWxs04RbPQJTeWDV0/keR2E36MeKnyr6LYmUUvqRRI+Iv87SuF1W6ErINzYw==",
      "dev": true,
      "license": "MIT",
      "engines": {
        "node": ">=6.9.0"
      }
    },
    "node_modules/@babel/helper-validator-identifier": {
      "version": "7.29.7",
      "resolved": "https://registry.npmjs.org/@babel/helper-validator-identifier/-/helper-validator-identifier-7.29.7.tgz",
      "integrity": "sha512-qehxGkRj55h/ff8EMaJ+cYhyaKlHIxqYDn682wQD7RNp9UujOQsHog2uS0r2vzr4pW+sXf90NeeayjcNaX3fFg==",
      "dev": true,
      "license": "MIT",
      "engines": {
        "node": ">=6.9.0"
      }
    },
    "node_modules/@babel/helper-validator-option": {
      "version": "7.29.7",
      "resolved": "https://registry.npmjs.org/@babel/helper-validator-option/-/helper-validator-option-7.29.7.tgz",
      "integrity": "sha512-N9ZErrD+yW5geCDtBqnOoxmR8+tNKiGuxKlDpuJxfsqpa2dFcexaziGAE/qoHLiDDreVNMupxGmSoNlyvsA3gw==",
      "dev": true,
      "license": "MIT",
      "engines": {
        "node": ">=6.9.0"
      }
    },
    "node_modules/@babel/helpers": {
      "version": "7.29.7",
      "resolved": "https://registry.npmjs.org/@babel/helpers/-/helpers-7.29.7.tgz",
      "integrity": "sha512-1k2lAGRMfHTcwuNYcCNUmaUffmQv8KWMfh2iJUUeRlwlwH4FdNG7mfPI10NPfLHJFThE4Tyr4mv7kTNZOiPuBg==",
      "dev": true,
      "license": "MIT",
      "dependencies": {
        "@babel/template": "^7.29.7",
        "@babel/types": "^7.29.7"
      },
      "engines": {
        "node": ">=6.9.0"
      }
    },
    "node_modules/@babel/parser": {
      "version": "7.29.8",
      "resolved": "https://registry.npmjs.org/@babel/parser/-/parser-7.29.8.tgz",
      "integrity": "sha512-E8lTAYNB1KW+FH+VGJuZM1ioAx2E6oVlvQFRrf5P8ZZmsiJXYAD9vTFV7yyEURNzgh1dFqMZuO6tUwcARbqFCA==",
      "dev": true,
      "license": "MIT",
      "dependencies": {
        "@babel/types": "^7.29.8"
      },
      "bin": {
        "parser": "bin/babel-parser.js"
      },
      "engines": {
        "node": ">=6.0.0"
      }
    },
    "node_modules/@babel/plugin-transform-react-jsx-self": {
      "version": "7.29.7",
      "resolved": "https://registry.npmjs.org/@babel/plugin-transform-react-jsx-self/-/plugin-transform-react-jsx-self-7.29.7.tgz",
      "integrity": "sha512-TL0hMc9xzy86VD31nUiwzd5otRAcyEPcsegCxolO0PvcXuH1v0kECe/UIznYFihpkvU5wg/jk4v0TTEFfm53fw==",
      "dev": true,
      "license": "MIT",
      "dependencies": {
        "@babel/helper-plugin-utils": "^7.29.7"
      },
      "engines": {
        "node": ">=6.9.0"
      },
      "peerDependencies": {
        "@babel/core": "^7.0.0-0"
      }
    },
    "node_modules/@babel/plugin-transform-react-jsx-source": {
      "version": "7.29.7",
      "resolved": "https://registry.npmjs.org/@babel/plugin-transform-react-jsx-source/-/plugin-transform-react-jsx-source-7.29.7.tgz",
      "integrity": "sha512-06IyK09H3wi4cGbhDBwp5gUGo0IKtnYa8tyTiephirPCK6fbobVGiXMMI5zLQ4aKEYP3wZ3ArU44o+8KMrSG/Q==",
      "dev": true,
      "license": "MIT",
      "dependencies": {
        "@babel/helper-plugin-utils": "^7.29.7"
      },
      "engines": {
        "node": ">=6.9.0"
      },
      "peerDependencies": {
        "@babel/core": "^7.0.0-0"
      }
    },
    "node_modules/@babel/template": {
      "version": "7.29.7",
      "resolved": "https://registry.npmjs.org/@babel/template/-/template-7.29.7.tgz",
      "integrity": "sha512-puq+Gf35oI24FeN11LkoUQFqv9uwNeWpxXZi/Ji3rRIoKAzKnxRaZ+Gkj0vKS9ZCiTESfng1N9LyOyXvo+m+Gg==",
      "dev": true,
      "license": "MIT",
      "dependencies": {
        "@babel/code-frame": "^7.29.7",
        "@babel/parser": "^7.29.7",
        "@babel/types": "^7.29.7"
      },
      "engines": {
        "node": ">=6.9.0"
      }
    },
    "node_modules/@babel/traverse": {
      "version": "7.29.8",
      "resolved": "https://registry.npmjs.org/@babel/traverse/-/traverse-7.29.8.tgz",
      "integrity": "sha512-I5z7H3bf/41ktsNVLtpN0wAa336HkqIHQ5BuPLEhTkt1jVSyZpeNKIzTgEWmlxjdg81R0IgUCcaE+Ok3NvrfZg==",
      "dev": true,
      "license": "MIT",
      "dependencies": {
        "@babel/code-frame": "^7.29.7",
        "@babel/generator": "^7.29.8",
        "@babel/helper-globals": "^7.29.7",
        "@babel/parser": "^7.29.8",
        "@babel/template": "^7.29.7",
        "@babel/types": "^7.29.8",
        "debug": "^4.3.1"
      },
      "engines": {
        "node": ">=6.9.0"
      }
    },
    "node_modules/@babel/types": {
      "version": "7.29.8",
      "resolved": "https://registry.npmjs.org/@babel/types/-/types-7.29.8.tgz",
      "integrity": "sha512-Vj1jF3cPfxg7OAfoI7QnVKLoILlm2JF9pnVHrX8qx7AHMiYWT+NDAA7jChlNgRS4WTLc/fD1lXLmPixluj+3Gg==",
      "dev": true,
      "license": "MIT",
      "dependencies": {
        "@babel/helper-string-parser": "^7.29.7",
        "@babel/helper-validator-identifier": "^7.29.7"
      },
      "engines": {
        "node": ">=6.9.0"
      }
    },
    "node_modules/@cortex-js/compute-engine": {
      "version": "0.58.0",
      "resolved": "https://registry.npmjs.org/@cortex-js/compute-engine/-/compute-engine-0.58.0.tgz",
      "integrity": "sha512-N0+vXjVZfKwJS7ZIGvq41mojI55m5TrdDXveAXzNjzjZ9iNiNrdEzXL2EmrcP+9GCWCwTonrEeZWAIG78f3INg==",
      "license": "MIT",
      "dependencies": {
        "@arnog/colors": "^0.5.0",
        "complex-esm": "^2.1.1-esm1",
        "decimal.js": "^10.6.0"
      },
      "engines": {
        "node": ">=21.7.3",
        "npm": ">=10.5.0"
      }
    },
    "node_modules/@esbuild/aix-ppc64": {
      "version": "0.25.12",
      "resolved": "https://registry.npmjs.org/@esbuild/aix-ppc64/-/aix-ppc64-0.25.12.tgz",
      "integrity": "sha512-Hhmwd6CInZ3dwpuGTF8fJG6yoWmsToE+vYgD4nytZVxcu1ulHpUQRAB1UJ8+N1Am3Mz4+xOByoQoSZf4D+CpkA==",
      "cpu": [
        "ppc64"
      ],
      "dev": true,
      "license": "MIT",
      "optional": true,
      "os": [
        "aix"
      ],
      "engines": {
        "node": ">=18"
      }
    },
    "node_modules/@esbuild/android-arm": {
      "version": "0.25.12",
      "resolved": "https://registry.npmjs.org/@esbuild/android-arm/-/android-arm-0.25.12.tgz",
      "integrity": "sha512-VJ+sKvNA/GE7Ccacc9Cha7bpS8nyzVv0jdVgwNDaR4gDMC/2TTRc33Ip8qrNYUcpkOHUT5OZ0bUcNNVZQ9RLlg==",
      "cpu": [
        "arm"
      ],
      "dev": true,
      "license": "MIT",
      "optional": true,
      "os": [
        "android"
      ],
      "engines": {
        "node": ">=18"
      }
    },
    "node_modules/@esbuild/android-arm64": {
      "version": "0.25.12",
      "resolved": "https://registry.npmjs.org/@esbuild/android-arm64/-/android-arm64-0.25.12.tgz",
      "integrity": "sha512-6AAmLG7zwD1Z159jCKPvAxZd4y/VTO0VkprYy+3N2FtJ8+BQWFXU+OxARIwA46c5tdD9SsKGZ/1ocqBS/gAKHg==",
      "cpu": [
        "arm64"
      ],
      "dev": true,
      "license": "MIT",
      "optional": true,
      "os": [
        "android"
      ],
      "engines": {
        "node": ">=18"
      }
    },
    "node_modules/@esbuild/android-x64": {
      "version": "0.25.12",
      "resolved": "https://registry.npmjs.org/@esbuild/android-x64/-/android-x64-0.25.12.tgz",
      "integrity": "sha512-5jbb+2hhDHx5phYR2By8GTWEzn6I9UqR11Kwf22iKbNpYrsmRB18aX/9ivc5cabcUiAT/wM+YIZ6SG9QO6a8kg==",
      "cpu": [
        "x64"
      ],
      "dev": true,
      "license": "MIT",
      "optional": true,
      "os": [
        "android"
      ],
      "engines": {
        "node": ">=18"
      }
    },
    "node_modules/@esbuild/darwin-arm64": {
      "version": "0.25.12",
      "resolved": "https://registry.npmjs.org/@esbuild/darwin-arm64/-/darwin-arm64-0.25.12.tgz",
      "integrity": "sha512-N3zl+lxHCifgIlcMUP5016ESkeQjLj/959RxxNYIthIg+CQHInujFuXeWbWMgnTo4cp5XVHqFPmpyu9J65C1Yg==",
      "cpu": [
        "arm64"
      ],
      "dev": true,
      "license": "MIT",
      "optional": true,
      "os": [
        "darwin"
      ],
      "engines": {
        "node": ">=18"
      }
    },
    "node_modules/@esbuild/darwin-x64": {
      "version": "0.25.12",
      "resolved": "https://registry.npmjs.org/@esbuild/darwin-x64/-/darwin-x64-0.25.12.tgz",
      "integrity": "sha512-HQ9ka4Kx21qHXwtlTUVbKJOAnmG1ipXhdWTmNXiPzPfWKpXqASVcWdnf2bnL73wgjNrFXAa3yYvBSd9pzfEIpA==",
      "cpu": [
        "x64"
      ],
      "dev": true,
      "license": "MIT",
      "optional": true,
      "os": [
        "darwin"
      ],
      "engines": {
        "node": ">=18"
      }
    },
    "node_modules/@esbuild/freebsd-arm64": {
      "version": "0.25.12",
      "resolved": "https://registry.npmjs.org/@esbuild/freebsd-arm64/-/freebsd-arm64-0.25.12.tgz",
      "integrity": "sha512-gA0Bx759+7Jve03K1S0vkOu5Lg/85dou3EseOGUes8flVOGxbhDDh/iZaoek11Y8mtyKPGF3vP8XhnkDEAmzeg==",
      "cpu": [
        "arm64"
      ],
      "dev": true,
      "license": "MIT",
      "optional": true,
      "os": [
        "freebsd"
     Û=îÚ$z{-®éÜj×ö÷Væ6öÆÆV7F—fRæ6öÒ÷÷7F772ò ¢ÒÀ¢°¢'G—R#¢'F–FVÆ–gB"À¢'W&Â#¢&‡GG3¢ò÷F–FVÆ–gBæ6öÒögVæF–æröv—F‡V"öçÒ÷÷7F772 ¢ÒÀ¢°¢'G—R#¢&v—F‡V""À¢'W&Â#¢&‡GG3¢òöv—F‡V"æ6öÒ÷7öç6÷'2ö’ ¢Ð¢ÒÀ¢&Æ–6Vç6R#¢$Ô•B"À¢&FWVæFVæ6–W2#¢°¢&ææö–B#¢%ã2ã2ãr"À¢'–6ö6öÆ÷'2#¢%ããã"À¢'6÷W&6RÖÖÖ§2#¢%ãã"ã ¢ÒÀ¢&Væv–æW2#¢°¢&æöFR#¢%ãÇÂã"ÇÂãÓB ¢Ð¢ÒÀ¢&æöFUöÖöGVÆW2÷&÷Fö'Vf§2#¢°¢'fW'6–öâ#¢#rãbãR"À¢'&W6öÇfVB#¢&‡GG3¢ò÷&Vv—7G'’æçÖ§2æ÷&r÷&÷Fö'Vf§2òÒ÷&÷Fö'Vf§2ÓrãbãRçFw¢"À¢&–çFVw&—G’#¢'6†S"ÒôeCåV3–¤ƒg&df¦¦“””'÷£G54S475CÓtWdÖF#Ç…5TÖ£††vÃdvöÔ÷e§§çv„5e7%¤Äg¤–…'sÓÒ"À¢&†4–ç7FÆÅ67&—B#¢G'VRÀ¢&Æ–6Vç6R#¢$%4BÓ2Ô6ÆW6R"À¢&FWVæFVæ6–W2#¢°¢$&÷Fö'Vf§2ö7&öÖ—6R#¢%ããã""À¢$&÷Fö'Vf§2ö&6ScB#¢%ããã""À¢$&÷Fö'Vf§2ö6öFVvVâ#¢%ã"ããR"À¢$&÷Fö'Vf§2öWfVçFVÖ—GFW"#¢%ããã"À¢$&÷Fö'Vf§2öfWF6‚#¢%ããã"À¢$&÷Fö'Vf§2öfÆöB#¢%ããã""À¢$&÷Fö'Vf§2÷F‚#¢%ããã""À¢$&÷Fö'Vf§2÷ööÂ#¢%ããã"À¢$&÷Fö'Vf§2÷WFc‚#¢%ããã"À¢$G—W2öæöFR#¢#ãÓ2ãrã"À¢&Æöær#¢%ãRã2ã" ¢ÒÀ¢&Væv–æW2#¢°¢&æöFR#¢#ãÓ"ãã ¢Ð¢ÒÀ¢&æöFUöÖöGVÆW2÷&S&§2#¢°¢'fW'6–öâ#¢#"ã‚ãb"À¢'&W6öÇfVB#¢&‡GG3¢ò÷&Vv—7G'’æçÖ§2æ÷&r÷&S&§2òÒ÷&S&§2Ó"ã‚ãbçFw¢"À¢&–çFVw&—G’#¢'6†S"×„Æu–ÃF´•T7$¥f³–e%6·†´dçv×–tÄf¥g…‡$Æ3cVScµ§6#‡'‡VÔd'“E„·—ftÔ5DÃf¶–ÄG4U£”S&EôFsÓÒ"À¢&Æ–6Vç6R#¢$Ô•B"À¢&Væv–æW2#¢°¢&æöFR#¢#ãÓ‚ãã ¢Ð¢ÒÀ¢&æöFUöÖöGVÆW2÷&V7B#¢°¢'fW'6–öâ#¢#‚ã2ã"À¢'&W6öÇfVB#¢&‡GG3¢ò÷&Vv—7G'’æçÖ§2æ÷&r÷&V7BòÒ÷&V7BÓ‚ã2ãçFw¢"À¢&–çFVw&—G’#¢'6†S"×u2¶„t¥6…#¶„We¤&gUdã´‡£C“fãV¤Ç$u&¶#GW&uRó'fR³´Ô#böõvt†vÓEt–5b¶“tc'Ef¢³&•ÓÒ"À¢&Æ–6Vç6R#¢$Ô•B"À¢'VW"#¢G'VRÀ¢&FWVæFVæ6–W2#¢°¢&Æö÷6RÖVçf–g’#¢%ããã ¢ÒÀ¢&Væv–æW2#¢°¢&æöFR#¢#ãÓãã ¢Ð¢ÒÀ¢&æöFUöÖöGVÆW2÷&V7BÖFöÒ#¢°¢'fW'6–öâ#¢#‚ã2ã"À¢'&W6öÇfVB#¢&‡GG3¢ò÷&Vv—7G'’æçÖ§2æ÷&r÷&V7BÖFöÒòÒ÷&V7BÖFöÒÓ‚ã2ãçFw¢"À¢&–çFVw&—G’#¢'6†S"ÓVÓFå··%¥&#”ÄäƒS”tÓD'…Fƒ“#S÷–Æ$´–'SuGw†d¢³–·cd$Æ´Ä%„–¦§7&v&ä”$çÄ“#7E&åEuC6åT—sÓÒ"À¢&Æ–6Vç6R#¢$Ô•B"À¢&FWVæFVæ6–W2#¢°¢&Æö÷6RÖVçf–g’#¢%ããã"À¢'66†VGVÆW"#¢%ãã#2ã" ¢ÒÀ¢'VW$FWVæFVæ6–W2#¢°¢'&V7B#¢%ã‚ã2ã ¢Ð¢ÒÀ¢&æöFUöÖöGVÆW2÷&V7B×&Vg&W6‚#¢°¢'fW'6–öâ#¢#ãrã"À¢'&W6öÇfVB#¢&‡GG3¢ò÷&Vv—7G'’æçÖ§2æ÷&r÷&V7B×&Vg&W6‚òÒ÷&V7B×&Vg&W6‚ÓãrãçFw¢"À¢&–çFVw&—G’#¢'6†S"×£dct³–%cƒTVg6U$7&'§'•v·sTÆô6VÃ•„%eurõF¥&£“E6´§¥UDvdöF'3v”§d%wEswwvä“7—s4T%ÓÒ"À¢&FWb#¢G'VRÀ¢&Æ–6Vç6R#¢$Ô•B"À¢&Væv–æW2#¢°¢&æöFR#¢#ãÓãã ¢Ð¢ÒÀ¢&æöFUöÖöGVÆW2÷&WV—&RÖF—&V7F÷'’#¢°¢'fW'6–öâ#¢#"ãã"À¢'&W6öÇfVB#¢&‡GG3¢ò÷&Vv—7G'’æçÖ§2æ÷&r÷&WV—&RÖF—&V7F÷'’òÒ÷&WV—&RÖF—&V7F÷'’Ó"ããçFw¢"À¢&–çFVw&—G’#¢'6†S"Ödw„T“r·w4s—‡'fF§7&ÆÔÃ#$ôÕEF”…'t×&ö”VTÖw†w¦ôÄ2õ#u'5$E5DÅVrö%¤§DbµEd–´†3bóE$”·'V’µÓÒ"À¢&Æ–6Vç6R#¢$Ô•B"À¢&Væv–æW2#¢°¢&æöFR#¢#ãÓãã ¢Ð¢ÒÀ¢&æöFUöÖöGVÆW2÷&öÆÇW#¢°¢'fW'6–öâ#¢#Bãc"ãB"À¢'&W6öÇfVB#¢&‡GG3¢ò÷&Vv—7G'’æçÖ§2æ÷&r÷&öÆÇWòÒ÷&öÆÇWÓBãc"ãBçFw¢"À¢&–çFVw&—G’#¢'6†S"Õ%„÷v4$v¤ÔäÖG5¤F¤†–T„U¤Dfö¢õ&G#CfÃ$ÕSTFdW3gt„¥3%%E…v„æÂ´Ó6“Cs$ÄÇf´d·WCE6&ÄösÓÒ"À¢&FWb#¢G'VRÀ¢&Æ–6Vç6R#¢$Ô•B"À¢&FWVæFVæ6–W2#¢°¢$G—W2öW7G&VR#¢#ãã’ ¢ÒÀ¢&&–â#¢°¢'&öÆÇW#¢&F—7Bö&–â÷&öÆÇW ¢ÒÀ¢&Væv–æW2#¢°¢&æöFR#¢#ãÓ‚ãã"À¢&çÒ#¢#ãÓ‚ãã ¢ÒÀ¢&÷F–öæÄFWVæFVæ6–W2#¢°¢$æ’×'2öÇ¦ÖÖÆ–çW‚×ƒcBÖvçR#¢#ãRã"À¢$&öÆÇW÷&öÆÇWÖæG&ö–BÖ&ÒÖV&’#¢#Bãc"ãB"À¢$&öÆÇW÷&öÆÇWÖæG&ö–BÖ&ÓcB#¢#Bãc"ãB"À¢$&öÆÇW÷&öÆÇWÖF'v–âÖ&ÓcB#¢#Bãc"ãB"À¢$&öÆÇW÷&öÆÇWÖF'v–â×ƒcB#¢#Bãc"ãB"À¢$&öÆÇW÷&öÆÇWÖg&VV'6BÖ&ÓcB#¢#Bãc"ãB"À¢$&öÆÇW÷&öÆÇWÖg&VV'6B×ƒcB#¢#Bãc"ãB"À¢$&öÆÇW÷&öÆÇWÖÆ–çW‚Ö&ÒÖvçVV&–†b#¢#Bãc"ãB"À¢$&öÆÇW÷&öÆÇWÖÆ–çW‚Ö&ÒÖ×W6ÆV&–†b#¢#Bãc"ãB"À¢$&öÆÇW÷&öÆÇWÖÆ–çW‚Ö&ÓcBÖvçR#¢#Bãc"ãB"À¢$&öÆÇW÷&öÆÇWÖÆ–çW‚Ö&ÓcBÖ×W6Â#¢#Bãc"ãB"À¢$&öÆÇW÷&öÆÇWÖÆ–çW‚ÖÆööæscBÖvçR#¢#Bãc"ãB"À¢$&öÆÇW÷&öÆÇWÖÆ–çW‚ÖÆööæscBÖ×W6Â#¢#Bãc"ãB"À¢$&öÆÇW÷&öÆÇWÖÆ–çW‚×3cBÖvçR#¢#Bãc"ãB"À¢$&öÆÇW÷&öÆÇWÖÆ–çW‚×3cBÖ×W6Â#¢#Bãc"ãB"À¢$&öÆÇW÷&öÆÇWÖÆ–çW‚×&—67ccBÖvçR#¢#Bãc"ãB"À¢$&öÆÇW÷&öÆÇWÖÆ–çW‚×&—67ccBÖ×W6Â#¢#Bãc"ãB"À¢$&öÆÇW÷&öÆÇWÖÆ–çW‚×33“‚ÖvçR#¢#Bãc"ãB"À¢$&öÆÇW÷&öÆÇWÖÆ–çW‚×ƒcBÖvçR#¢#Bãc"ãB"À¢$&öÆÇW÷&öÆÇWÖÆ–çW‚×ƒcBÖ×W6Â#¢#Bãc"ãB"À¢$&öÆÇW÷&öÆÇWÖ÷Væ'6B×ƒcB#¢#Bãc"ãB"À¢$&öÆÇW÷&öÆÇWÖ÷Væ†&Ööç’Ö&ÓcB#¢#Bãc"ãB"À¢$&öÆÇW÷&öÆÇW×v–ã3"Ö&ÓcBÖ×7f2#¢#Bãc"ãB"À¢$&öÆÇW÷&öÆÇW×v–ã3"Ö–3"Ö×7f2#¢#Bãc"ãB"À¢$&öÆÇW÷&öÆÇW×v–ã3"×ƒcBÖvçR#¢#Bãc"ãB"À¢$&öÆÇW÷&öÆÇW×v–ã3"×ƒcBÖ×7f2#¢#Bãc"ãB"À¢&g6WfVçG2#¢'ã"ã2ã" ¢Ð¢ÒÀ¢&æöFUöÖöGVÆW2÷6fRÖ'VffW"#¢°¢'fW'6–öâ#¢#Rã"ã"À¢'&W6öÇfVB#¢&‡GG3¢ò÷&Vv—7G'’æçÖ§2æ÷&r÷6fRÖ'VffW"òÒ÷6fRÖ'VffW"ÓRã"ãçFw¢"À¢&–çFVw&—G’#¢'6†S"×'56ót¶6FÖÔ¶$wfvç…4§#v$ue5f³U3”Wb·%&ósµ–VG†·sTFC„åâ´tCf&¦å–Ó%gUT5†×U—fÔ5…ÓÒ"À¢&gVæF–ær#¢°¢°¢'G—R#¢&v—F‡V""À¢'W&Â#¢&‡GG3¢òöv—F‡V"æ6öÒ÷7öç6÷'2öfW&÷72 ¢ÒÀ¢°¢'G—R#¢'G&Vöâ"À¢'W&Â#¢&‡GG3¢ò÷wwrçG&Vöâæ6öÒöfW&÷72 ¢ÒÀ¢°¢'G—R#¢&6öç7VÇF–ær"À¢'W&Â#¢&‡GG3¢òöfW&÷72æ÷&r÷7W÷'B ¢Ð¢ÒÀ¢&Æ–6Vç6R#¢$Ô•B ¢ÒÀ¢&æöFUöÖöGVÆW2÷66†VGVÆW"#¢°¢'fW'6–öâ#¢#ã#2ã""À¢'&W6öÇfVB#¢&‡GG3¢ò÷&Vv—7G'’æçÖ§2æ÷&r÷66†VGVÆW"òÒ÷66†VGVÆW"Óã#2ã"çFw¢"À¢&–çFVw&—G’#¢'6†S"ÕTõ6‡5w£tç$ÕW…#gC…v¤fGWd÷¦'GcwFôDƒö„—&e$ä”D&æä%vC7t¥DweGæufÆ×tt6E’õ¦Â÷Eg$G7U—¥ÓÒ"À¢&Æ–6Vç6R#¢$Ô•B"À¢&FWVæFVæ6–W2#¢°¢&Æö÷6RÖVçf–g’#¢%ããã ¢Ð¢ÒÀ¢&æöFUöÖöGVÆW2÷6V×fW"#¢°¢'fW'6–öâ#¢#bã2ã"À¢'&W6öÇfVB#¢&‡GG3¢ò÷&Vv—7G'’æçÖ§2æ÷&r÷6V×fW"òÒ÷6V×fW"Óbã2ãçFw¢"À¢&–çFVw&—G’#¢'6†S"Ô%#ugdD5d„ò·'„$Uw6·…3dD¤S&æ#tG‡¥W&öv#s5võ6f–4'…—6”vB´¶ÃÖ×ô×$s—”%&·—%…Dóe†¤×¤ÓÒ"À¢&FWb#¢G'VRÀ¢&Æ–6Vç6R#¢$•42"À¢&&–â#¢°¢'6V×fW"#¢&&–â÷6V×fW"æ§2 ¢Ð¢ÒÀ¢&æöFUöÖöGVÆW2÷6÷W&6RÖÖÖ§2#¢°¢'fW'6–öâ#¢#ã"ã"À¢'&W6öÇfVB#¢&‡GG3¢ò÷&Vv—7G'’æçÖ§2æ÷&r÷6÷W&6RÖÖÖ§2òÒ÷6÷W&6RÖÖÖ§2Óã"ãçFw¢"À¢&–çFVw&—G’#¢'6†S"ÕU…tÔ¶„Ä÷ud¶#s#„•WE‡†e•R·W6G–'EW$²ó‡TtS„5×g&„÷wg¤D'v£…4ÃtÕ3wd—4•4$s…e‚´”E‡eÓÒ"À¢&FWb#¢G'VRÀ¢&Æ–6Vç6R#¢$%4BÓ2Ô6ÆW6R"À¢&Væv–æW2#¢°¢&æöFR#¢#ãÓãã ¢Ð¢ÒÀ¢&æöFUöÖöGVÆW2÷7G&–ær×v–GF‚#¢°¢'fW'6–öâ#¢#Bã"ã2"À¢'&W6öÇfVB#¢&‡GG3¢ò÷&Vv—7G'’æçÖ§2æ÷&r÷7G&–ær×v–GF‚òÒ÷7G&–ær×v–GF‚ÓBã"ã2çFw¢"À¢&–çFVw&—G’#¢'6†S"×t·•%¤£4—c$W%5¦Dw6¤Ô¥w6Võ$æ–„†‡Sdst¥dòó–¤”#eW–WdÂ·E‡T÷&æs†¢ö7„µEw•uWwe5G&–•§¢ösÓÒ"À¢&Æ–6Vç6R#¢$Ô•B"À¢&FWVæFVæ6–W2#¢°¢&VÖö¦’×&VvW‚#¢%ã‚ãã"À¢&—2ÖgVÆÇv–GF‚Ö6öFR×ö–çB#¢%ã2ãã"À¢'7G&—Öç6’#¢%ãbãã ¢ÒÀ¢&Væv–æW2#¢°¢&æöFR#¢#ãÓ‚ ¢Ð¢ÒÀ¢&æöFUöÖöGVÆW2÷7G&—Öç6’#¢°¢'fW'6–öâ#¢#bãã"À¢'&W6öÇfVB#¢&‡GG3¢ò÷&Vv—7G'’æçÖ§2æ÷&r÷7G&—Öç6’òÒ÷7G&—Öç6’ÓbããçFw¢"À¢&–çFVw&—G’#¢'6†S"Õ“3…e4†7´g$7få—gU5†×WWcVõ„ô·vUCfw'#6ó4v3”Åfd¤&eU4ô6æ'„tu¤b²óöô“t·%UU7§EVESTÓÒ"À¢&Æ–6Vç6R#¢$Ô•B"À¢&FWVæFVæ6–W2#¢°¢&ç6’×&VvW‚#¢%ãRãã ¢ÒÀ¢&Væv–æW2#¢°¢&æöFR#¢#ãÓ‚ ¢Ð¢ÒÀ¢&æöFUöÖöGVÆW2÷F–ç–vÆö&'’#¢°¢'fW'6–öâ#¢#ã"ãr"À¢'&W6öÇfVB#¢&‡GG3¢ò÷&Vv—7G'’æçÖ§2æ÷&r÷F–ç–vÆö&'’òÒ÷F–ç–vÆö&'’Óã"ãrçFw¢"À¢&–çFVw&—G’#¢'6†S"×u…"öE—7¶ÖewVE¦¦”´¤÷t4äfæDCDÖç%rö5–¥dwGDV´&efv4Äd†ôç&Æ£CvÖ¤õf–3——”çScVÇ6tcDå•F&sÓÒ"À¢&FWb#¢G'VRÀ¢&Æ–6Vç6R#¢$Ô•B"À¢&FWVæFVæ6–W2#¢°¢&fF—"#¢%ãbãRã"À¢'–6öÖF6‚#¢%ãBããB ¢ÒÀ¢&Væv–æW2#¢°¢&æöFR#¢#ãÓ"ãã ¢ÒÀ¢&gVæF–ær#¢°¢'W&Â#¢&‡GG3¢òöv—F‡V"æ6öÒ÷7öç6÷'2õ7WW&6‡WTFWb ¢Ð¢ÒÀ¢&æöFUöÖöGVÆW2÷G6Æ–"#¢°¢'fW'6–öâ#¢#"ã‚ã"À¢'&W6öÇfVB#¢&‡GG3¢ò÷&Vv—7G'’æçÖ§2æ÷&r÷G6Æ–"òÒ÷G6Æ–"Ó"ã‚ãçFw¢"À¢&–çFVw&—G’#¢'6†S"Öô¤gS“D…"´µfGU5UÃwvç×æfÔÇ4ôöäƒf#dTƒt4Vô³öÕU…Sf37t´Ecƒ4Ö´÷T…$‡E5„´µS“””&¥2ó'sÓÒ"À¢&Æ–6Vç6R#¢#%4B ¢ÒÀ¢&æöFUöÖöGVÆW2÷VæF–6’×G—W2#¢°¢'fW'6–öâ#¢#‚ã2ã"À¢'&W6öÇfVB#¢&‡GG3¢ò÷&Vv—7G'’æçÖ§2æ÷&r÷VæF–6’×G—W2òÒ÷VæF–6’×G—W2Ó‚ã2ãçFw¢"À¢&–çFVw&—G’#¢'6†S"Ö£3sU65ccFöÒµ–µd–eDÆ4ö•†´âö'T‡£Tvö&¤Æ†—„gTæç343–ÃDv×%wV¦u…t£t&$¦4e—DUVµ3vS†'¥ÓÒ"À¢&Æ–6Vç6R#¢$Ô•B ¢ÒÀ¢&æöFUöÖöGVÆW2÷WFFRÖ'&÷w6W'6Æ—7BÖF"#¢°¢'fW'6–öâ#¢#ã2ã"À¢'&W6öÇfVB#¢&‡GG3¢ò÷&Vv—7G'’æçÖ§2æ÷&r÷WFFRÖ'&÷w6W'6Æ—7BÖF"òÒ÷WFFRÖ'&÷w6W'6Æ—7BÖF"Óã2ãçFw¢"À¢&–çFVw&—G’#¢'6†S"Õ¥£cG5'4öæ¶ÃsD„×6õ4ãF…VÔUu†b¶’÷—cƒwD”&d”635fG$dW%µUTµwS4×5ETÖ&6öætÄTãFÃdu5W%ÓÒ"À¢&FWb#¢G'VRÀ¢&gVæF–ær#¢°¢°¢'G—R#¢&÷Væ6öÆÆV7F—fR"À¢'W&Â#¢&‡GG3¢òö÷Væ6öÆÆV7F—fRæ6öÒö'&÷w6W'6Æ—7B ¢ÒÀ¢°¢'G—R#¢'F–FVÆ–gB"À¢'W&Â#¢&‡GG3¢ò÷F–FVÆ–gBæ6öÒögVæF–æröv—F‡V"öçÒö'&÷w6W'6Æ—7B ¢ÒÀ¢°¢'G—R#¢&v—F‡V""À¢'W&Â#¢&‡GG3¢òöv—F‡V"æ6öÒ÷7öç6÷'2ö’ ¢Ð¢ÒÀ¢&Æ–6Vç6R#¢$Ô•B"À¢&FWVæFVæ6–W2#¢°¢&W66ÆFR#¢%ã2ã"ã"À¢'–6ö6öÆ÷'2#¢%ããã ¢ÒÀ¢&&–â#¢°¢'WFFRÖ'&÷w6W'6Æ—7BÖF"#¢&6Æ’æ§2 ¢ÒÀ¢'VW$FWVæFVæ6–W2#¢°¢&'&÷w6W'6Æ—7B#¢#ãÒBã#ã ¢Ð¢ÒÀ¢&æöFUöÖöGVÆW2÷f—FR#¢°¢'fW'6–öâ#¢#bãBã2"À¢'&W6öÇfVB#¢&‡GG3¢ò÷&Vv—7G'’æçÖ§2æ÷&r÷f—FRòÒ÷f—FRÓbãBã2çFw¢"À¢&–çFVw&—G’#¢'6†S"ÔåD¶Æ5¦Ä³tÖÅ÷–#dÆv†3‡76ò÷g•T¥•t×w36¦s#UD§rôÆFG”e5e§v$–5§”´“ƒW4dSD„'%D„ÓÒ"À¢&FWb#¢G'VRÀ¢&Æ–6Vç6R#¢$Ô•B"À¢'VW"#¢G'VRÀ¢&FWVæFVæ6–W2#¢°¢&W6'V–ÆB#¢%ãã#Rã"À¢&fF—"#¢%ãbãBãB"À¢'–6öÖF6‚#¢%ãBãã""À¢'÷7F772#¢%ã‚ãRã2"À¢'&öÆÇW#¢%ãBã3Bã’"À¢'F–ç–vÆö&'’#¢%ãã"ã2 ¢ÒÀ¢&&–â#¢°¢'f—FR#¢&&–â÷f—FRæ§2 ¢ÒÀ¢&Væv–æW2#¢°¢&æöFR#¢%ã‚ããÇÂã#ããÇÂãÓ#"ãã ¢ÒÀ¢&gVæF–ær#¢°¢'W&Â#¢&‡GG3¢òöv—F‡V"æ6öÒ÷f—FV§2÷f—FS÷7öç6÷#Ó ¢ÒÀ¢&÷F–öæÄFWVæFVæ6–W2#¢°¢&g6WfVçG2#¢'ã"ã2ã2 ¢ÒÀ¢'VW$FWVæFVæ6–W2#¢°¢$G—W2öæöFR#¢%ã‚ããÇÂã#ããÇÂãÓ#"ãã"À¢&¦—F’#¢#ãÓã#ã"À¢&ÆW72#¢"¢"À¢&Æ–v‡Fæ–æv772#¢%ãã#ã"À¢'672#¢"¢"À¢'672ÖVÖ&VFFVB#¢"¢"À¢'7G–ÇW2#¢"¢"À¢'7Vv'72#¢"¢"À¢'FW'6W"#¢%ãRãbã"À¢'G7‚#¢%ãBã‚ã"À¢'–ÖÂ#¢%ã"ãBã" ¢ÒÀ¢'VW$FWVæFVæ6–W4ÖWF#¢°¢$G—W2öæöFR#¢°¢&÷F–öæÂ#¢G'VP¢ÒÀ¢&¦—F’#¢°¢&÷F–öæÂ#¢G'VP¢ÒÀ¢&ÆW72#¢°¢&÷F–öæÂ#¢G'VP¢ÒÀ¢&Æ–v‡Fæ–æv772#¢°¢&÷F–öæÂ#¢G'VP¢ÒÀ¢'672#¢°¢&÷F–öæÂ#¢G'VP¢ÒÀ¢'672ÖVÖ&VFFVB#¢°¢&÷F–öæÂ#¢G'VP¢ÒÀ¢'7G–ÇW2#¢°¢&÷F–öæÂ#¢G'VP¢ÒÀ¢'7Vv'72#¢°¢&÷F–öæÂ#¢G'VP¢ÒÀ¢'FW'6W"#¢°¢&÷F–öæÂ#¢G'VP¢ÒÀ¢'G7‚#¢°¢&÷F–öæÂ#¢G'VP¢ÒÀ¢'–ÖÂ#¢°¢&÷F–öæÂ#¢G'VP¢Ð¢Ð¢ÒÀ¢&æöFUöÖöGVÆW2÷vV"×f—FÇ2#¢°¢'fW'6–öâ#¢#Bã"ãB"À¢'&W6öÇfVB#¢&‡GG3¢ò÷&Vv—7G'’æçÖ§2æ÷&r÷vV"×f—FÇ2òÒ÷vV"×f—FÇ2ÓBã"ãBçFw¢"À¢&–çFVw&—G’#¢'6†S"×#DD–Ç$wt£u”Óe§E#ƒƒFÓfÖw#dT¶S5¶´ó£5Vç—gcS—&7¦ceV”v6#•£……¥f7´çwböstæEww7sÓÒ"À¢&Æ–6Vç6R#¢$6†RÓ"ã ¢ÒÀ¢&æöFUöÖöGVÆW2÷vV'6ö6¶WBÖG&—fW"#¢°¢'fW'6–öâ#¢#ãrãR"À¢'&W6öÇfVB#¢&‡GG3¢ò÷&Vv—7G'’æçÖ§2æ÷&r÷vV'6ö6¶WBÖG&—fW"òÒ÷vV'6ö6¶WBÖG&—fW"ÓãrãRçFw¢"À¢&–çFVw&—G’#¢'6†S"Õ¤Ã"³63v´Ô&D•$4×£fÃ†¥Ô‡”ug†¢µTÂ·…f³sDöÖ&–6–&ö6‡$†TÃƒd#”SVöƒÃ”–’÷V£SFwG4—%¤tÖóg¤ÓÒ"À¢&Æ–6Vç6R#¢$6†RÓ"ã"À¢&FWVæFVæ6–W2#¢°¢&‡GG×'6W"Ö§2#¢#ãÓãRã"À¢'6fRÖ'VffW"#¢#ãÓRãã"À¢'vV'6ö6¶WBÖW‡FVç6–öç2#¢#ãÓãã ¢ÒÀ¢&Væv–æW2#¢°¢&æöFR#¢#ãÓã‚ã ¢Ð¢ÒÀ¢&æöFUöÖöGVÆW2÷vV'6ö6¶WBÖW‡FVç6–öç2#¢°¢'fW'6–öâ#¢#ããB"À¢'&W6öÇfVB#¢&‡GG3¢ò÷&Vv—7G'’æçÖ§2æ÷&r÷vV'6ö6¶WBÖW‡FVç6–öç2òÒ÷vV'6ö6¶WBÖW‡FVç6–öç2ÓããBçFw¢"À¢&–çFVw&—G’#¢'6†S"Ô÷VE”tög4FÆó3Tçu–$4dÕ6ó–Ó”róf”†£RöE¤dDÔgF7ƒeWw”÷“44ôVTöró•g4t—Gãc%sT¶†ôµ7sÓÒ"À¢&Æ–6Vç6R#¢$6†RÓ"ã"À¢&Væv–æW2#¢°¢&æöFR#¢#ãÓã‚ã ¢Ð¢ÒÀ¢&æöFUöÖöGVÆW2÷w&Öç6’#¢°¢'fW'6–öâ#¢#rãã"À¢'&W6öÇfVB#¢&‡GG3¢ò÷&Vv—7G'’æçÖ§2æ÷&r÷w&Öç6’òÒ÷w&Öç6’ÓrããçFw¢"À¢&–çFVw&—G’#¢'6†S"Õ•dt–£&¶ÔÅ5G‡sdç5¦¦ô'†e7w6ã–6FW6Ö3Gµ#3W¥U£Â´æg…fG…FD‡fÔådõe…5”sDWG—Bôf“tCeÓÒ"À¢&Æ–6Vç6R#¢$Ô•B"À¢&FWVæFVæ6–W2#¢°¢&ç6’×7G–ÆW2#¢%ãBãã"À¢'7G&–ær×v–GF‚#¢%ãBãã"À¢'7G&—Öç6’#¢%ãbãã ¢ÒÀ¢&Væv–æW2#¢°¢&æöFR#¢#ãÓ ¢ÒÀ¢&gVæF–ær#¢°¢'W&Â#¢&‡GG3¢òöv—F‡V"æ6öÒö6†Æ²÷w&Öç6“÷7öç6÷#Ó ¢Ð¢ÒÀ¢&æöFUöÖöGVÆW2÷“†â#¢°¢'fW'6–öâ#¢#Rãã‚"À¢'&W6öÇfVB#¢&‡GG3¢ò÷&Vv—7G'’æçÖ§2æ÷&r÷“†âòÒ÷“†âÓRãã‚çFw¢"À¢&–çFVw&—G’#¢'6†S"Ódg¦VvTEt¤„¤”ÕDÅ%$Gt†¦DcW3v¦ó—GW§FE„„”ä6Ge2³6ät”çC‡¥"óÆ„åU3bò³u46#“…”ödÓÒ"À¢&Æ–6Vç6R#¢$•42"À¢&Væv–æW2#¢°¢&æöFR#¢#ãÓ ¢Ð¢ÒÀ¢&æöFUöÖöGVÆW2÷–ÆÆ—7B#¢°¢'fW'6–öâ#¢#2ãã"À¢'&W6öÇfVB#¢&‡GG3¢ò÷&Vv—7G'’æçÖ§2æ÷&r÷–ÆÆ—7BòÒ÷–ÆÆ—7BÓ2ããçFw¢"À¢&–çFVw&—G’#¢'6†S"ÖETuuƒS–Ôõ…U–äs&Wvæ53F“DcC5Gc4¦ôÒ·3%dDÕ3”ç4³„wDÔÇ$4…·4eCvƒ4³eDöõTæã'#u&õ‡ƒFsÓÒ"À¢&FWb#¢G'VRÀ¢&Æ–6Vç6R#¢$•42 ¢ÒÀ¢&æöFUöÖöGVÆW2÷–&w2#¢°¢'fW'6–öâ#¢#rãrã2"À¢'&W6öÇfVB#¢&‡GG3¢ò÷&Vv—7G'’æçÖ§2æ÷&r÷–&w2òÒ÷–&w2Órãrã2çFw¢"À¢&–çFVw&—G’#¢'6†S"Ôu§F§†Òô¢óEE7‡TÃ4då–¤6ÔÆ·D%Fä—r÷%fÔµ4—”¶U”§Ô¤#&–s•fT43W‡6ƒ$täµd´Döã4µg¤çC¦×%SsÓÒ"À¢&Æ–6Vç6R#¢$Ô•B"À¢&FWVæFVæ6–W2#¢°¢&6Æ—V’#¢%ã‚ãã"À¢&W66ÆFR#¢%ã2ãã"À¢&vWBÖ6ÆÆW"Öf–ÆR#¢%ã"ããR"À¢'&WV—&RÖF—&V7F÷'’#¢%ã"ãã"À¢'7G&–ær×v–GF‚#¢%ãBã"ã2"À¢'“†â#¢%ãRããR"À¢'–&w2×'6W"#¢%ã#ãã ¢ÒÀ¢&Væv–æW2#¢°¢&æöFR#¢#ãÓ" ¢Ð¢ÒÀ¢&æöFUöÖöGVÆW2÷–&w2×'6W"#¢°¢'fW'6–öâ#¢##ãã"À¢'&W6öÇfVB#¢&‡GG3¢ò÷&Vv—7G'’æçÖ§2æ÷&r÷–&w2×'6W"òÒ÷–&w2×'6W"Ó#ããçFw¢"À¢&–çFVw&—G’#¢'6†S"×Eg4¥stFF¦V4”g$”#S7„•4Sdæõ3RöUFG&&$”3FƒÅg5v†æö6r¶Ó$†6Ä$—V¤‡§7…£Ed¥d´uWV3"ôÄ'sÓÒ"À¢&Æ–6Vç6R#¢$•42"À¢&Væv–æW2#¢°¢&æöFR#¢#ãÓ" ¢Ð¢Ð¢Ð§Ð 